
Microsoft Visual Studio Solution File, Format Version 12.00
# Visual Studio 15
VisualStudioVersion = 15.0.28010.2048
MinimumVisualStudioVersion = 10.0.40219.1
Project("{FAE04EC0-301F-11D3-BF4B-00C04F79EFBC}") = "MSShippingLimited.Web", "MSShippingLimited.Web\MSShippingLimited.Web.csproj", "{021260B5-4B4B-4559-9F64-0BCAA2D7E1A8}"
EndProject
Project("{FAE04EC0-301F-11D3-BF4B-00C04F79EFBC}") = "MSShippingLtd.Web", "MSShippingLtd.Web\MSShippingLtd.Web.csproj", "{FB79FBB9-96C2-4D52-98EB-7D01EE883569}"
EndProject
Project("{FAE04EC0-301F-11D3-BF4B-00C04F79EFBC}") = "MSShippingLtd.Tests", "MSShippingLtd.Tests\MSShippingLtd.Tests.csproj", "{87D69CF5-C596-4962-B9D8-D18B9B26D2B7}"
EndProject
Global
	GlobalSection(SolutionConfigurationPlatforms) = preSolution
		Debug|Any CPU = Debug|Any CPU
		Release|Any CPU = Release|Any CPU
	EndGlobalSection
	GlobalSection(ProjectConfigurationPlatforms) = postSolution
		{021260B5-4B4B-4559-9F64-0BCAA2D7E1A8}.Debug|Any CPU.ActiveCfg = Debug|Any CPU
		{021260B5-4B4B-4559-9F64-0BCAA2D7E1A8}.Debug|Any CPU.Build.0 = Debug|Any CPU
		{021260B5-4B4B-4559-9F64-0BCAA2D7E1A8}.Release|Any CPU.ActiveCfg = Release|Any CPU
		{021260B5-4B4B-4559-9F64-0BCAA2D7E1A8}.Release|Any CPU.Build.0 = Release|Any CPU
		{FB79FBB9-96C2-4D52-98EB-7D01EE883569}.Debug|Any CPU.ActiveCfg = Debug|Any CPU
		{FB79FBB9-96C2-4D52-98EB-7D01EE883569}.Debug|Any CPU.Build.0 = Debug|Any CPU
		{FB79FBB9-96C2-4D52-98EB-7D01EE883569}.Release|Any CPU.ActiveCfg = Release|Any CPU
		{FB79FBB9-96C2-4D52-98EB-7D01EE883569}.Release|Any CPU.Build.0 = Release|Any CPU
		{87D69CF5-C596-4962-B9D8-D18B9B26D2B7}.Debug|Any CPU.ActiveCfg = Debug|Any CPU
		{87D69CF5-C596-4962-B9D8-D18B9B26D2B7}.Debug|Any CPU.Build.0 = Debug|Any CPU
		{87D69CF5-C596-4962-B9D8-D18B9B26D2B7}.Release|Any CPU.ActiveCfg = Release|Any CPU
		{87D69CF5-C596-4962-B9D8-D18B9B26D2B7}.Release|Any CPU.Build.0 = Release|Any CPU
	EndGlobalSection
	GlobalSection(SolutionProperties) = preSolution
		HideSolutionNode = FALSE
	EndGlobalSection
	GlobalSection(ExtensibilityGlobals) = postSolution
		SolutionGuid = {8624FF68-CFF3-4DCC-9BAA-0D7897D7E473}
	EndGlobalSection
EndGlobal
